// !$*UTF8*$!
{
	archiveVersion = 1;
	classes = {
	};
	objectVersion = 56;
	objects = {

/* Begin PBXBuildFile section */
		D60F33142AEB0B3000A02D88 /* Main.cpp in Sources */ = {isa = PBXBuildFile; fileRef = D60F33132AEB0B3000A02D88 /* Main.cpp */; };
		D60F331A2AEB0BED00A02D88 /* Core.cpp in Sources */ = {isa = PBXBuildFile; fileRef = D60F33182AEB0BED00A02D88 /* Core.cpp */; };
		D60F331D2AEB0CB000A02D88 /* Node.cpp in Sources */ = {isa = PBXBuildFile; fileRef = D60F331B2AEB0CB000A02D88 /* Node.cpp */; };
		D60F33202AEB0E9900A02D88 /* List.cpp in Sources */ = {isa = PBXBuildFile; fileRef = D60F331E2AEB0E9900A02D88 /* List.cpp */; };
		D60F33232AEB12A800A02D88 /* OutputStream.cpp in Sources */ = {isa = PBXBuildFile; fileRef = D60F33212AEB12A800A02D88 /* OutputStream.cpp */; };
		D60F33262AEB138300A02D88 /* Output.cpp in Sources */ = {isa = PBXBuildFile; fileRef = D60F33242AEB138300A02D88 /* Output.cpp */; };
		D60F33292AEB149D00A02D88 /* InputStream.cpp in Sources */ = {isa = PBXBuildFile; fileRef = D60F33272AEB149D00A02D88 /* InputStream.cpp */; };
		D60F332C2AEB152200A02D88 /* Input.cpp in Sources */ = {isa = PBXBuildFile; fileRef = D60F332A2AEB152200A02D88 /* Input.cpp */; };
/* End PBXBuildFile section */

/* Begin PBXCopyFilesBuildPhase section */
		D60F33072AEB0AF900A02D88 /* CopyFiles */ = {
			isa = PBXCopyFilesBuildPhase;
			buildActionMask = 2147483647;
			dstPath = /usr/share/man/man1/;
			dstSubfolderSpec = 0;
			files = (
			);
			runOnlyForDeploymentPostprocessing = 1;
		};
/* End PBXCopyFilesBuildPhase section */

/* Begin PBXFileReference section */
		D60F33092AEB0AF900A02D88 /* demo */ = {isa = PBXFileReference; explicitFileType = "compiled.mach-o.executable"; includeInIndex = 0; path = demo; sourceTree = BUILT_PRODUCTS_DIR; };
		D60F33132AEB0B3000A02D88 /* Main.cpp */ = {isa = PBXFileReference; lastKnownFileType = sourcecode.cpp.cpp; path = Main.cpp; sourceTree = "<group>"; };
		D60F33182AEB0BED00A02D88 /* Core.cpp */ = {isa = PBXFileReference; lastKnownFileType = sourcecode.cpp.cpp; path = Core.cpp; sourceTree = "<group>"; };
		D60F33192AEB0BED00A02D88 /* Core.h */ = {isa = PBXFileReference; lastKnownFileType = sourcecode.c.h; path = Core.h; sourceTree = "<group>"; };
		D60F331B2AEB0CB000A02D88 /* Node.cpp */ = {isa = PBXFileReference; lastKnownFileType = sourcecode.cpp.cpp; path = Node.cpp; sourceTree = "<group>"; };
		D60F331C2AEB0CB000A02D88 /* Node.h */ = {isa = PBXFileReference; lastKnownFileType = sourcecode.c.h; path = Node.h; sourceTree = "<group>"; };
		D60F331E2AEB0E9900A02D88 /* List.cpp */ = {isa = PBXFileReference; lastKnownFileType = sourcecode.cpp.cpp; path = List.cpp; sourceTree = "<group>"; };
		D60F331F2AEB0E9900A02D88 /* List.h */ = {isa = PBXFileReference; lastKnownFileType = sourcecode.c.h; path = List.h; sourceTree = "<group>"; };
		D60F33212AEB12A800A02D88 /* OutputStream.cpp */ = {isa = PBXFileReference; lastKnownFileType = sourcecode.cpp.cpp; path = OutputStream.cpp; sourceTree = "<group>"; };
		D60F33222AEB12A800A02D88 /* OutputStream.h */ = {isa = PBXFileReference; lastKnownFileType = sourcecode.c.h; path = OutputStream.h; sourceTree = "<group>"; };
		D60F33242AEB138300A02D88 /* Output.cpp */ = {isa = PBXFileReference; lastKnownFileType = sourcecode.cpp.cpp; path = Output.cpp; sourceTree = "<group>"; };
		D60F33252AEB138300A02D88 /* Output.h */ = {isa = PBXFileReference; lastKnownFileType = sourcecode.c.h; path = Output.h; sourceTree = "<group>"; };
		D60F33272AEB149D00A02D88 /* InputStream.cpp */ = {isa = PBXFileReference; lastKnownFileType = sourcecode.cpp.cpp; path = InputStream.cpp; sourceTree = "<group>"; };
		D60F33282AEB149D00A02D88 /* InputStream.h */ = {isa = PBXFileReference; lastKnownFileType = sourcecode.c.h; path = InputStream.h; sourceTree = "<group>"; };
		D60F332A2AEB152200A02D88 /* Input.cpp */ = {isa = PBXFileReference; lastKnownFileType = sourcecode.cpp.cpp; path = Input.cpp; sourceTree = "<group>"; };
		D60F332B2AEB152200A02D88 /* Input.h */ = {isa = PBXFileReference; lastKnownFileType = sourcecode.c.h; path = Input.h; sourceTree = "<group>"; };
		D60F332D2AEB167700A02D88 /* Zdroj.txt */ = {isa = PBXFileReference; lastKnownFileType = text; path = Zdroj.txt; sourceTree = "<group>"; };
/* End PBXFileReference section */

/* Begin PBXFrameworksBuildPhase section */
		D60F33062AEB0AF900A02D88 /* Frameworks */ = {
			isa = PBXFrameworksBuildPhase;
			buildActionMask = 2147483647;
			files = (
			);
			runOnlyForDeploymentPostprocessing = 0;
		};
/* End PBXFrameworksBuildPhase section */

/* Begin PBXGroup section */
		D60F33002AEB0AF900A02D88 = {
			isa = PBXGroup;
			children = (
				D60F332D2AEB167700A02D88 /* Zdroj.txt */,
				D60F332A2AEB152200A02D88 /* Input.cpp */,
				D60F332B2AEB152200A02D88 /* Input.h */,
				D60F33272AEB149D00A02D88 /* InputStream.cpp */,
				D60F33282AEB149D00A02D88 /* InputStream.h */,
				D60F33242AEB138300A02D88 /* Output.cpp */,
				D60F33252AEB138300A02D88 /* Output.h */,
				D60F33212AEB12A800A02D88 /* OutputStream.cpp */,
				D60F33222AEB12A800A02D88 /* OutputStream.h */,
				D60F331E2AEB0E9900A02D88 /* List.cpp */,
				D60F331F2AEB0E9900A02D88 /* List.h */,
				D60F331B2AEB0CB000A02D88 /* Node.cpp */,
				D60F33132AEB0B3000A02D88 /* Main.cpp */,
				D60F33182AEB0BED00A02D88 /* Core.cpp */,
				D60F33192AEB0BED00A02D88 /* Core.h */,
				D60F331C2AEB0CB000A02D88 /* Node.h */,
				D60F330A2AEB0AF900A02D88 /* Products */,
			);
			sourceTree = "<group>";
		};
		D60F330A2AEB0AF900A02D88 /* Products */ = {
			isa = PBXGroup;
			children = (
				D60F33092AEB0AF900A02D88 /* demo */,
			);
			name = Products;
			sourceTree = "<group>";
		};
/* End PBXGroup section */

/* Begin PBXNativeTarget section */
		D60F33082AEB0AF900A02D88 /* demo */ = {
			isa = PBXNativeTarget;
			buildConfigurationList = D60F33102AEB0AF900A02D88 /* Build configuration list for PBXNativeTarget "demo" */;
			buildPhases = (
				D60F33052AEB0AF900A02D88 /* Sources */,
				D60F33062AEB0AF900A02D88 /* Frameworks */,
				D60F33072AEB0AF900A02D88 /* CopyFiles */,
			);
			buildRules = (
			);
			dependencies = (
			);
			name = demo;
			productName = demo;
			productReference = D60F33092AEB0AF900A02D88 /* demo */;
			productType = "com.apple.product-type.tool";
		};
/* End PBXNativeTarget section */

/* Begin PBXProject section */
		D60F33012AEB0AF900A02D88 /* Project object */ = {
			isa = PBXProject;
			attributes = {
				BuildIndependentTargetsInParallel = 1;
				LastUpgradeCheck = 1500;
				TargetAttributes = {
					D60F33082AEB0AF900A02D88 = {
						CreatedOnToolsVersion = 15.0.1;
					};
				};
			};
			buildConfigurationList = D60F33042AEB0AF900A02D88 /* Build configuration list for PBXProject "demo" */;
			compatibilityVersion = "Xcode 14.0";
			developmentRegion = en;
			hasScannedForEncodings = 0;
			knownRegions = (
				en,
				Base,
			);
			mainGroup = D60F33002AEB0AF900A02D88;
			productRefGroup = D60F330A2AEB0AF900A02D88 /* Products */;
			projectDirPath = "";
			projectRoot = "";
			targets = (
				D60F33082AEB0AF900A02D88 /* demo */,
			);
		};
/* End PBXProject section */

/* Begin PBXSourcesBuildPhase section */
		D60F33052AEB0AF900A02D88 /* Sources */ = {
			isa = PBXSourcesBuildPhase;
			buildActionMask = 2147483647;
			files = (
				D60F331D2AEB0CB000A02D88 /* Node.cpp in Sources */,
				D60F33202AEB0E9900A02D88 /* List.cpp in Sources */,
				D60F332C2AEB152200A02D88 /* Input.cpp in Sources */,
				D60F33262AEB138300A02D88 /* Output.cpp in Sources */,
				D60F33232AEB12A800A02D88 /* OutputStream.cpp in Sources */,
				D60F331A2AEB0BED00A02D88 /* Core.cpp in Sources */,
				D60F33292AEB149D00A02D88 /* InputStream.cpp in Sources */,
				D60F33142AEB0B3000A02D88 /* Main.cpp in Sources */,
			);
			runOnlyForDeploymentPostprocessing = 0;
		};
/* End PBXSourcesBuildPhase section */

/* Begin XCBuildConfiguration section */
		D60F330E2AEB0AF900A02D88 /* Debug */ = {
			isa = XCBuildConfiguration;
			buildSettings = {
				ALWAYS_SEARCH_USER_PATHS = NO;
				ASSETCATALOG_COMPILER_GENERATE_SWIFT_ASSET_SYMBOL_EXTENSIONS = YES;
				CLANG_ANALYZER_NONNULL = YES;
				CLANG_ANALYZER_NUMBER_OBJECT_CONVERSION = YES_AGGRESSIVE;
				CLANG_CXX_LANGUAGE_STANDARD = "gnu++20";
				CLANG_ENABLE_MODULES = YES;
				CLANG_ENABLE_OBJC_ARC = YES;
				CLANG_ENABLE_OBJC_WEAK = YES;
				CLANG_WARN_BLOCK_CAPTURE_AUTORELEASING = YES;
				CLANG_WARN_BOOL_CONVERSION = YES;
				CLANG_WARN_COMMA = YES;
				CLANG_WARN_CONSTANT_CONVERSION = YES;
				CLANG_WARN_DEPRECATED_OBJC_IMPLEMENTATIONS = YES;
				CLANG_WARN_DIRECT_OBJC_ISA_USAGE = YES_ERROR;
				CLANG_WARN_DOCUMENTATION_COMMENTS = YES;
				CLANG_WARN_EMPTY_BODY = YES;
				CLANG_WARN_ENUM_CONVERSION = YES;
				CLANG_WARN_INFINITE_RECURSION = YES;
				CLANG_WARN_INT_CONVERSION = YES;
				CLANG_WARN_NON_LITERAL_NULL_CONVERSION = YES;
				CLANG_WARN_OBJC_IMPLICIT_RETAIN_SELF = YES;
				CLANG_WARN_OBJC_LITERAL_CONVERSION = YES;
				CLANG_WARN_OBJC_ROOT_CLASS = YES_ERROR;
				CLANG_WARN_QUOTED_INCLUDE_IN_FRAMEWORK_HEADER = YES;
				CLANG_WARN_RANGE_LOOP_ANALYSIS = YES;
				CLANG_WARN_STRICT_PROTOTYPES = YES;
				CLANG_WARN_SUSPICIOUS_MOVE = YES;
				CLANG_WARN_UNGUARDED_AVAILABILITY = YES_AGGRESSIVE;
				CLANG_WARN_UNREACHABLE_CODE = YES;
				CLANG_WARN__DUPLICATE_METHOD_MATCH = YES;
				COPY_PHASE_STRIP = NO;
				DEBUG_INFORMATION_FORMAT = dwarf;
				ENABLE_STRICT_OBJC_MSGSEND = YES;
				ENABLE_TESTABILITY = YES;
				ENABLE_USER_SCRIPT_SANDBOXING = YES;
				GCC_C_LANGUAGE_STANDARD = gnu17;
				GCC_DYNAMIC_NO_PIC = NO;
				GCC_NO_COMMON_BLOCKS = YES;
				GCC_OPTIMIZATION_LEVEL = 0;
				GCC_PREPROCESSOR_DEFINITIONS = (
					"DEBUG=1",
					"$(inherited)",
				);
				GCC_WARN_64_TO_32_BIT_CONVERSION = YES;
				GCC_WARN_ABOUT_RETURN_TYPE = YES_ERROR;
				GCC_WARN_UNDECLARED_SELECTOR = YES;
				GCC_WARN_UNINITIALIZED_AUTOS = YES_AGGRESSIVE;
				GCC_WARN_UNUSED_FUNCTION = YES;
				GCC_WARN_UNUSED_VARIABLE = YES;
				LOCALIZATION_PREFERS_STRING_CATALOGS = YES;
				MACOSX_DEPLOYMENT_TARGET = 14.0;
				MTL_ENABLE_DEBUG_INFO = INCLUDE_SOURCE;
				MTL_FAST_MATH = YES;
				ONLY_ACTIVE_ARCH = YES;
				SDKROOT = macosx;
			};
			name = Debug;
		};
		D60F330F2AEB0AF900A02D88 /* Release */ = {
			isa = XCBuildConfiguration;
			buildSettings = {
				ALWAYS_SEARCH_USER_PATHS = NO;
				ASSETCATALOG_COMPILER_GENERATE_SWIFT_ASSET_SYMBOL_EXTENSIONS = YES;
				CLANG_ANALYZER_NONNULL = YES;
				CLANG_ANALYZER_NUMBER_OBJECT_CONVERSION = YES_AGGRESSIVE;
				CLANG_CXX_LANGUAGE_STANDARD = "gnu++20";
				CLANG_ENABLE_MODULES = YES;
				CLANG_ENABLE_OBJC_ARC = YES;
				CLANG_ENABLE_OBJC_WEAK = YES;
				CLANG_WARN_BLOCK_CAPTURE_AUTORELEASING = YES;
				CLANG_WARN_BOOL_CONVERSION = YES;
				CLANG_WARN_COMMA = YES;
				CLANG_WARN_CONSTANT_CONVERSION = YES;
				CLANG_WARN_DEPRECATED_OBJC_IMPLEMENTATIONS = YES;
				CLANG_WARN_DIRECT_OBJC_ISA_USAGE = YES_ERROR;
				CLANG_WARN_DOCUMENTATION_COMMENTS = YES;
				CLANG_WARN_EMPTY_BODY = YES;
				CLANG_WARN_ENUM_CONVERSION = YES;
				CLANG_WARN_INFINITE_RECURSION = YES;
				CLANG_WARN_INT_CONVERSION = YES;
				CLANG_WARN_NON_LITERAL_NULL_CONVERSION = YES;
				CLANG_WARN_OBJC_IMPLICIT_RETAIN_SELF = YES;
				CLANG_WARN_OBJC_LITERAL_CONVERSION = YES;
				CLANG_WARN_OBJC_ROOT_CLASS = YES_ERROR;
				CLANG_WARN_QUOTED_INCLUDE_IN_FRAMEWORK_HEADER = YES;
				CLANG_WARN_RANGE_LOOP_ANALYSIS = YES;
				CLANG_WARN_STRICT_PROTOTYPES = YES;
				CLANG_WARN_SUSPICIOUS_MOVE = YES;
				CLANG_WARN_UNGUARDED_AVAILABILITY = YES_AGGRESSIVE;
				CLANG_WARN_UNREACHABLE_CODE = YES;
				CLANG_WARN__DUPLICATE_METHOD_MATCH = YES;
				COPY_PHASE_STRIP = NO;
				DEBUG_INFORMATION_FORMAT = "dwarf-with-dsym";
				ENABLE_NS_ASSERTIONS = NO;
				ENABLE_STRICT_OBJC_MSGSEND = YES;
				ENABLE_USER_SCRIPT_SANDBOXING = YES;
				GCC_C_LANGUAGE_STANDARD = gnu17;
				GCC_NO_COMMON_BLOCKS = YES;
				GCC_WARN_64_TO_32_BIT_CONVERSION = YES;
				GCC_WARN_ABOUT_RETURN_TYPE = YES_ERROR;
				GCC_WARN_UNDECLARED_SELECTOR = YES;
				GCC_WARN_UNINITIALIZED_AUTOS = YES_AGGRESSIVE;
				GCC_WARN_UNUSED_FUNCTION = YES;
				GCC_WARN_UNUSED_VARIABLE = YES;
				LOCALIZATION_PREFERS_STRING_CATALOGS = YES;
				MACOSX_DEPLOYMENT_TARGET = 14.0;
				MTL_ENABLE_DEBUG_INFO = NO;
				MTL_FAST_MATH = YES;
				SDKROOT = macosx;
			};
			name = Release;
		};
		D60F33112AEB0AF900A02D88 /* Debug */ = {
			isa = XCBuildConfiguration;
			buildSettings = {
				CODE_SIGN_STYLE = Automatic;
				PRODUCT_NAME = "$(TARGET_NAME)";
			};
			name = Debug;
		};
		D60F33122AEB0AF900A02D88 /* Release */ = {
			isa = XCBuildConfiguration;
			buildSettings = {
				CODE_SIGN_STYLE = Automatic;
				PRODUCT_NAME = "$(TARGET_NAME)";
			};
			name = Release;
		};
/* End XCBuildConfiguration section */

/* Begin XCConfigurationList section */
		D60F33042AEB0AF900A02D88 /* Build configuration list for PBXProject "demo" */ = {
			isa = XCConfigurationList;
			buildConfigurations = (
				D60F330E2AEB0AF900A02D88 /* Debug */,
				D60F330F2AEB0AF900A02D88 /* Release */,
			);
			defaultConfigurationIsVisible = 0;
			defaultConfigurationName = Release;
		};
		D60F33102AEB0AF900A02D88 /* Build configuration list for PBXNativeTarget "demo" */ = {
			isa = XCConfigurationList;
			buildConfigurations = (
				D60F33112AEB0AF900A02D88 /* Debug */,
				D60F33122AEB0AF900A02D88 /* Release */,
			);
			defaultConfigurationIsVisible = 0;
			defaultConfigurationName = Release;
		};
/* End XCConfigurationList section */
	};
	rootObject = D60F33012AEB0AF900A02D88 /* Project object */;
}
